<?xml version="1.0" encoding="utf-8"?>
<Project ToolsVersion="4.0" xmlns="http://schemas.microsoft.com/developer/msbuild/2003">
  <ItemGroup>
    <ClCompile Include="..\src\main.cpp" />
    <ClCompile Include="..\src\game_screens\game_manager.cpp">
      <Filter>game_screens</Filter>
    </ClCompile>
    <ClCompile Include="..\src\game_screens\gameplay.cpp">
      <Filter>game_screens</Filter>
    </ClCompile>
    <ClCompile Include="..\src\game_screens\main_menu.cpp">
      <Filter>game_screens</Filter>
    </ClCompile>
    <ClCompile Include="..\src\game_objets\keys_in_screen.cpp">
      <Filter>game_objets</Filter>
    </ClCompile>
    <ClCompile Include="..\src\game_objets\players.cpp">
      <Filter>game_objets</Filter>
    </ClCompile>
    <ClCompile Include="..\src\game_screens\win_screen.cpp">
      <Filter>game_screens</Filter>
    </ClCompile>
    <ClCompile Include="..\src\game_objets\power_ups.cpp">
      <Filter>game_objets</Filter>
    </ClCompile>
    <ClCompile Include="..\src\game_screens\how_to_play.cpp">
      <Filter>game_screens</Filter>
    </ClCompile>
    <ClCompile Include="..\src\assets_code\sounds.cpp">
      <Filter>assets-code</Filter>
    </ClCompile>
  </ItemGroup>
  <ItemGroup>
    <Filter Include="game_screens">
      <UniqueIdentifier>{0dd681ab-ce21-4d8e-99ca-c89c8852e8d0}</UniqueIdentifier>
    </Filter>
    <Filter Include="game_objets">
      <UniqueIdentifier>{e4230696-386c-433b-9b63-d13d8ee927f5}</UniqueIdentifier>
    </Filter>
    <Filter Include="assets-code">
      <UniqueIdentifier>{dfdad869-7c4c-4138-86ea-1e3da52042ca}</UniqueIdentifier>
    </Filter>
  </ItemGroup>
  <ItemGroup>
    <ClInclude Include="..\src\game_screens\game_manager.h">
      <Filter>game_screens</Filter>
    </ClInclude>
    <ClInclude Include="..\src\game_screens\gameplay.h">
      <Filter>game_screens</Filter>
    </ClInclude>
    <ClInclude Include="..\src\game_screens\main_menu.h">
      <Filter>game_screens</Filter>
    </ClInclude>
    <ClInclude Include="..\src\game_objets\keys_in_screen.h">
      <Filter>game_objets</Filter>
    </ClInclude>
    <ClInclude Include="..\src\game_objets\players.h">
      <Filter>game_objets</Filter>
    </ClInclude>
    <ClInclude Include="..\src\game_screens\win_screen.h">
      <Filter>game_screens</Filter>
    </ClInclude>
    <ClInclude Include="..\src\game_objets\power_ups.h">
      <Filter>game_objets</Filter>
    </ClInclude>
    <ClInclude Include="..\src\game_screens\how_to_play.h">
      <Filter>game_screens</Filter>
    </ClInclude>
    <ClInclude Include="..\src\assets_code\sounds.h">
      <Filter>assets-code</Filter>
    </ClInclude>
  </ItemGroup>
</Project>